
Microsoft Visual Studio Solution File, Format Version 12.00
# Visual Studio Version 16
VisualStudioVersion = 16.0.30907.101
MinimumVisualStudioVersion = 10.0.40219.1
Project("{FAE04EC0-301F-11D3-BF4B-00C04F79EFBC}") = "lab1", "lab1\lab1.csproj", "{28B48E2C-22F1-4D9B-9B17-267782EEB03D}"
EndProject
Global
	GlobalSection(SolutionConfigurationPlatforms) = preSolution
		Debug|Any CPU = Debug|Any CPU
		Release|Any CPU = Release|Any CPU
	EndGlobalSection
	GlobalSection(ProjectConfigurationPlatforms) = postSolution
		{28B48E2C-22F1-4D9B-9B17-267782EEB03D}.Debug|Any CPU.ActiveCfg = Debug|Any CPU
		{28B48E2C-22F1-4D9B-9B17-267782EEB03D}.Debug|Any CPU.Build.0 = Debug|Any CPU
		{28B48E2C-22F1-4D9B-9B17-267782EEB03D}.Release|Any CPU.ActiveCfg = Release|Any CPU
		{28B48E2C-22F1-4D9B-9B17-267782EEB03D}.Release|Any CPU.Build.0 = Release|Any CPU
	EndGlobalSection
	GlobalSection(SolutionProperties) = preSolution
		HideSolutionNode = FALSE
	EndGlobalSection
	GlobalSection(ExtensibilityGlobals) = postSolution
		SolutionGuid = {0FF2C74C-2A0B-45E3-974A-53FD565610AB}
	EndGlobalSection
EndGlobal
